
Microsoft Visual Studio Solution File, Format Version 12.00
# Visual Studio Version 16
VisualStudioVersion = 16.0.30104.148
MinimumVisualStudioVersion = 10.0.40219.1
Project("{2150E333-8FDC-42A3-9474-1A3956D46DE8}") = "1 - API", "1 - API", "{D68E911F-4FF0-4753-9E34-79B14FFD646F}"
EndProject
Project("{2150E333-8FDC-42A3-9474-1A3956D46DE8}") = "2 - Domain", "2 - Domain", "{992E0814-BEC0-49A9-8B57-309DA24DACAB}"
EndProject
Project("{2150E333-8FDC-42A3-9474-1A3956D46DE8}") = "3 - Service", "3 - Service", "{664E4C71-EF92-43CE-9549-CD905C2A985C}"
EndProject
Project("{2150E333-8FDC-42A3-9474-1A3956D46DE8}") = "4 - Infra", "4 - Infra", "{B2AA56FD-49E4-4D5C-AAD4-BA9A390FFA5C}"
EndProject
Project("{2150E333-8FDC-42A3-9474-1A3956D46DE8}") = "4.1 - Data", "4.1 - Data", "{72A66C89-C6E3-45F5-8B8E-702DB2974F7E}"
EndProject
Project("{9A19103F-16F7-4668-BE54-9A1E7A4F7556}") = "Infra.Data", "Infra.Data\Infra.Data.csproj", "{6DA0EABC-ABEF-4217-BD0F-C29D904EC28E}"
EndProject
Project("{9A19103F-16F7-4668-BE54-9A1E7A4F7556}") = "Service", "Service\Service.csproj", "{0505D352-C91A-4F7D-8323-184B5DFF83A1}"
EndProject
Project("{9A19103F-16F7-4668-BE54-9A1E7A4F7556}") = "Domain", "Domain\Domain.csproj", "{1953366B-614F-4E8B-9F68-A60B04033462}"
EndProject
Project("{9A19103F-16F7-4668-BE54-9A1E7A4F7556}") = "Api", "Api\Api.csproj", "{F9425150-2A17-467C-8F02-40774093A8A4}"
EndProject
Project("{2150E333-8FDC-42A3-9474-1A3956D46DE8}") = "5 - Test Unit", "5 - Test Unit", "{10168607-7C0F-4498-A84F-60FBB90B181B}"
EndProject
Project("{FAE04EC0-301F-11D3-BF4B-00C04F79EFBC}") = "AutorTests", "AutorTests\AutorTests.csproj", "{DBED004E-541D-4ED8-B63B-924D75DDA372}"
EndProject
Global
	GlobalSection(SolutionConfigurationPlatforms) = preSolution
		Debug|Any CPU = Debug|Any CPU
		Release|Any CPU = Release|Any CPU
	EndGlobalSection
	GlobalSection(ProjectConfigurationPlatforms) = postSolution
		{6DA0EABC-ABEF-4217-BD0F-C29D904EC28E}.Debug|Any CPU.ActiveCfg = Debug|Any CPU
		{6DA0EABC-ABEF-4217-BD0F-C29D904EC28E}.Debug|Any CPU.Build.0 = Debug|Any CPU
		{6DA0EABC-ABEF-4217-BD0F-C29D904EC28E}.Release|Any CPU.ActiveCfg = Release|Any CPU
		{6DA0EABC-ABEF-4217-BD0F-C29D904EC28E}.Release|Any CPU.Build.0 = Release|Any CPU
		{0505D352-C91A-4F7D-8323-184B5DFF83A1}.Debug|Any CPU.ActiveCfg = Debug|Any CPU
		{0505D352-C91A-4F7D-8323-184B5DFF83A1}.Debug|Any CPU.Build.0 = Debug|Any CPU
		{0505D352-C91A-4F7D-8323-184B5DFF83A1}.Release|Any CPU.ActiveCfg = Release|Any CPU
		{0505D352-C91A-4F7D-8323-184B5DFF83A1}.Release|Any CPU.Build.0 = Release|Any CPU
		{1953366B-614F-4E8B-9F68-A60B04033462}.Debug|Any CPU.ActiveCfg = Debug|Any CPU
		{1953366B-614F-4E8B-9F68-A60B04033462}.Debug|Any CPU.Build.0 = Debug|Any CPU
		{1953366B-614F-4E8B-9F68-A60B04033462}.Release|Any CPU.ActiveCfg = Release|Any CPU
		{1953366B-614F-4E8B-9F68-A60B04033462}.Release|Any CPU.Build.0 = Release|Any CPU
		{F9425150-2A17-467C-8F02-40774093A8A4}.Debug|Any CPU.ActiveCfg = Debug|Any CPU
		{F9425150-2A17-467C-8F02-40774093A8A4}.Debug|Any CPU.Build.0 = Debug|Any CPU
		{F9425150-2A17-467C-8F02-40774093A8A4}.Release|Any CPU.ActiveCfg = Release|Any CPU
		{F9425150-2A17-467C-8F02-40774093A8A4}.Release|Any CPU.Build.0 = Release|Any CPU
		{DBED004E-541D-4ED8-B63B-924D75DDA372}.Debug|Any CPU.ActiveCfg = Debug|Any CPU
		{DBED004E-541D-4ED8-B63B-924D75DDA372}.Debug|Any CPU.Build.0 = Debug|Any CPU
		{DBED004E-541D-4ED8-B63B-924D75DDA372}.Release|Any CPU.ActiveCfg = Release|Any CPU
		{DBED004E-541D-4ED8-B63B-924D75DDA372}.Release|Any CPU.Build.0 = Release|Any CPU
	EndGlobalSection
	GlobalSection(SolutionProperties) = preSolution
		HideSolutionNode = FALSE
	EndGlobalSection
	GlobalSection(NestedProjects) = preSolution
		{72A66C89-C6E3-45F5-8B8E-702DB2974F7E} = {B2AA56FD-49E4-4D5C-AAD4-BA9A390FFA5C}
		{6DA0EABC-ABEF-4217-BD0F-C29D904EC28E} = {72A66C89-C6E3-45F5-8B8E-702DB2974F7E}
		{0505D352-C91A-4F7D-8323-184B5DFF83A1} = {664E4C71-EF92-43CE-9549-CD905C2A985C}
		{1953366B-614F-4E8B-9F68-A60B04033462} = {992E0814-BEC0-49A9-8B57-309DA24DACAB}
		{F9425150-2A17-467C-8F02-40774093A8A4} = {D68E911F-4FF0-4753-9E34-79B14FFD646F}
		{DBED004E-541D-4ED8-B63B-924D75DDA372} = {10168607-7C0F-4498-A84F-60FBB90B181B}
	EndGlobalSection
	GlobalSection(ExtensibilityGlobals) = postSolution
		SolutionGuid = {6A86233A-F475-4789-9931-91CA196D2102}
	EndGlobalSection
EndGlobal
